{
  "name": "@plant/flow",
  "version": "1.0.0",
  "lockfileVersion": 1,
  "requires": true,
  "dependencies": {
    "@testup/cli": {
      "version": "0.3.0",
      "resolved": "https://registry.npmjs.org/@testup/cli/-/cli-0.3.0.tgz",
      "integrity": "sha512-STQyGlzWgeOjq6hGJ8V9AoI/pK84ZjVlb/LThsrmTD36cK6fZKf+rqWwkPfftypDzXx4UcWmb2yG/AObJ404MA==",
      "requires": {
        "coa": "^2.0.2"
      }
    },
    "@testup/console-reporter": {
      "version": "0.1.1",
      "resolved": "https://registry.npmjs.org/@testup/console-reporter/-/console-reporter-0.1.1.tgz",
      "integrity": "sha512-+mnpuzbzMJSlNcHtuJthDBJSa1tsWjXTeGwRsRo3QNkNvkp5NOdJxqUNT1SPFjdFHcAe7mfO2TXO4QWYnTkrDQ=="
    },
    "@testup/core": {
      "version": "0.1.2",
      "resolved": "https://registry.npmjs.org/@testup/core/-/core-0.1.2.tgz",
      "integrity": "sha512-/IfKbu399VoqCQY9suEbU18+3Uxyn/14uVrg8MBt+NO+3EnyOtd/ZPCt2mMWGcvPiXcT8W1QhssSg53gd2x0WQ=="
    },
    "@types/q": {
      "version": "1.5.2",
      "resolved": "https://registry.npmjs.org/@types/q/-/q-1.5.2.tgz",
      "integrity": "sha512-ce5d3q03Ex0sy4R14722Rmt6MT07Ua+k4FwDfdcToYJcMKNtRVQvJ6JCAPdAmAnbRb6CsX6aYb9m96NGod9uTw=="
    },
    "allow-publish-tag": {
      "version": "1.0.1",
      "resolved": "https://registry.npmjs.org/allow-publish-tag/-/allow-publish-tag-1.0.1.tgz",
      "integrity": "sha512-KBTWMHR8AVqQ+zpTH3WqMPb62uz+ZiE7xhiAK/CZyuYxW+ifNSv4zcskfP91wsY3al33665BeYOkNhUynCmctA==",
      "dev": true
    },
    "ansi-styles": {
      "version": "3.2.1",
      "resolved": "https://registry.npmjs.org/ansi-styles/-/ansi-styles-3.2.1.tgz",
      "integrity": "sha512-VT0ZI6kZRdTh8YyJw3SMbYm/u+NqfsAxEpWO0Pf9sq8/e94WxxOpPKx9FR1FlyCtOVDNOQ+8ntlqFxiRc+r5qA==",
      "requires": {
        "color-convert": "^1.9.0"
      }
    },
    "chalk": {
      "version": "2.4.2",
      "resolved": "https://registry.npmjs.org/chalk/-/chalk-2.4.2.tgz",
      "integrity": "sha512-Mti+f9lpJNcwF4tWV8/OrTTtF1gZi+f8FqlyAdouralcFWFQWF2+NgCHShjkCb+IFBLq9buZwE1xckQU4peSuQ==",
      "requires": {
        "ansi-styles": "^3.2.1",
        "escape-string-regexp": "^1.0.5",
        "supports-color": "^5.3.0"
      }
    },
    "coa": {
      "version": "2.0.2",
      "resolved": "https://registry.npmjs.org/coa/-/coa-2.0.2.tgz",
      "integrity": "sha512-q5/jG+YQnSy4nRTV4F7lPepBJZ8qBNJJDBuJdoejDyLXgmL7IEo+Le2JDZudFTFt7mrCqIRaSjws4ygRCTCAXA==",
      "requires": {
        "@types/q": "^1.5.1",
        "chalk": "^2.4.1",
        "q": "^1.1.2"
      }
    },
    "color-convert": {
      "version": "1.9.3",
      "resolved": "https://registry.npmjs.org/color-convert/-/color-convert-1.9.3.tgz",
      "integrity": "sha512-QfAUtd+vFdAtFQcC8CCyYt1fYWxSqAiK2cSD6zDB8N3cpsEBAvRxp9zOGg6G/SHHJYAT88/az/IuDGALsNVbGg==",
      "requires": {
        "color-name": "1.1.3"
      }
    },
    "color-name": {
      "version": "1.1.3",
      "resolved": "https://registry.npmjs.org/color-name/-/color-name-1.1.3.tgz",
      "integrity": "sha1-p9BVi9icQveV3UIyj3QIMcpTvCU="
    },
    "escape-string-regexp": {
      "version": "1.0.5",
      "resolved": "https://registry.npmjs.org/escape-string-regexp/-/escape-string-regexp-1.0.5.tgz",
      "integrity": "sha1-G2HAViGQqN/2rjuyzwIAyhMLhtQ="
    },
    "has-flag": {
      "version": "3.0.0",
      "resolved": "https://registry.npmjs.org/has-flag/-/has-flag-3.0.0.tgz",
      "integrity": "sha1-tdRU3CGZriJWmfNGfloH87lVuv0="
    },
    "q": {
      "version": "1.5.1",
      "resolved": "https://registry.npmjs.org/q/-/q-1.5.1.tgz",
      "integrity": "sha1-fjL3W0E4EpHQRhHxvxQQmsAGUdc="
    },
    "supports-color": {
      "version": "5.5.0",
      "resolved": "https://registry.npmjs.org/supports-color/-/supports-color-5.5.0.tgz",
      "integrity": "sha512-QjVjwdXIt408MIiAqCX4oUKsgU2EqAGzs2Ppkm4aQYbjm+ZEWEcW4SfFNTr4uMNZma0ey4f5lgLrkB0aX0QMow==",
      "requires": {
        "has-flag": "^3.0.0"
      }
    }
  }
}
