{
  "name": "@plant/electron",
  "version": "0.1.0",
  "lockfileVersion": 1,
  "requires": true,
  "dependencies": {
    "allow-publish-tag": {
      "version": "2.1.1",
      "resolved": "https://registry.npmjs.org/allow-publish-tag/-/allow-publish-tag-2.1.1.tgz",
      "integrity": "sha512-w26dHOZT3Hd70UK/Vukci1wMeces4RzLrmnE+qYinb3cisQU948s/3QoqG38WAs8lW2NwT4MyHeTG4RkZGzwFw==",
      "dev": true
    }
  }
}
