{
  "name": "@plant/fs",
  "version": "0.1.0",
  "lockfileVersion": 1,
  "requires": true,
  "dependencies": {
    "@plant/vfs": {
      "version": "0.1.0-a.1",
      "resolved": "https://registry.npmjs.org/@plant/vfs/-/vfs-0.1.0-a.1.tgz",
      "integrity": "sha512-pRVdlM/IFKH9NfyOizaz0lKFpw9w7AYXbmPrm4oGI62Qbq3hcpf4tay3aVc3O0OPQeArpdXYybbHZEMTvxaUjg==",
      "requires": {
        "escape-html": "^1.0.3",
        "mime": "^2.4.4"
      }
    },
    "allow-publish-tag": {
      "version": "2.1.1",
      "resolved": "https://registry.npmjs.org/allow-publish-tag/-/allow-publish-tag-2.1.1.tgz",
      "integrity": "sha512-w26dHOZT3Hd70UK/Vukci1wMeces4RzLrmnE+qYinb3cisQU948s/3QoqG38WAs8lW2NwT4MyHeTG4RkZGzwFw==",
      "dev": true
    },
    "escape-html": {
      "version": "1.0.3",
      "resolved": "https://registry.npmjs.org/escape-html/-/escape-html-1.0.3.tgz",
      "integrity": "sha1-Aljq5NPQwJdN4cFpGI7wBR0dGYg="
    },
    "mime": {
      "version": "2.4.4",
      "resolved": "https://registry.npmjs.org/mime/-/mime-2.4.4.tgz",
      "integrity": "sha512-LRxmNwziLPT828z+4YkNzloCFC2YM4wrB99k+AV5ZbEyfGNWfG8SO1FUXLmLDBSo89NrJZ4DIWeLjy1CHGhMGA=="
    },
    "web-streams-polyfill": {
      "version": "2.0.3",
      "resolved": "https://registry.npmjs.org/web-streams-polyfill/-/web-streams-polyfill-2.0.3.tgz",
      "integrity": "sha512-pOqiHmL3RBAGS+SgOR42RbPU6nc8/n15N2rsOXFYHLnTfs2Z8QHs8AizOeOaYEnhwPN4+hu3M2D9XvAqzvt6MA=="
    }
  }
}
