{
  "name": "@plant/electron-adapter",
  "version": "0.1.0-alpha1",
  "lockfileVersion": 1,
  "requires": true,
  "dependencies": {
    "@plant/flow": {
      "version": "1.0.1",
      "resolved": "https://registry.npmjs.org/@plant/flow/-/flow-1.0.1.tgz",
      "integrity": "sha512-GGN6SEQ12BOIM8ikw0yRyTvHoXRA/upZmPGONO9yZI0g8lv9KykjITgrs9Btyjb/pBlM8mza+F6bFwE4+KvBzA=="
    },
    "@plant/node-stream-utils": {
      "version": "0.1.2",
      "resolved": "https://registry.npmjs.org/@plant/node-stream-utils/-/node-stream-utils-0.1.2.tgz",
      "integrity": "sha512-azj7sBxyKRnsDYqVWgEqADMl3Ap79SC9/U9Obtcnq2SvkhhpXy1Jl2nrpArb2J+xK0lOnDC7iAsO5crlcczn+A=="
    },
    "@plant/plant": {
      "version": "2.4.0",
      "resolved": "https://registry.npmjs.org/@plant/plant/-/plant-2.4.0.tgz",
      "integrity": "sha512-kNm/cj1txlmd0gZmuc8laztHjDLgYe2qnShjukCQvMbiOA6uz7PM37ZSmSQ0Nc3PY3h4Kv8BJ/mruQt1i9PGKg==",
      "requires": {
        "@plant/flow": "^1.0.0",
        "cookie": "^0.3.1",
        "escape-string-regexp": "^2.0.0",
        "eventemitter3": "^3.1.0",
        "lodash.escaperegexp": "^4.1.2",
        "lodash.isobject": "^3.0.2",
        "lodash.isplainobject": "^4.0.6",
        "lodash.isstring": "^4.0.1",
        "statuses": "^1.5.0"
      }
    },
    "allow-publish-tag": {
      "version": "2.1.1",
      "resolved": "https://registry.npmjs.org/allow-publish-tag/-/allow-publish-tag-2.1.1.tgz",
      "integrity": "sha512-w26dHOZT3Hd70UK/Vukci1wMeces4RzLrmnE+qYinb3cisQU948s/3QoqG38WAs8lW2NwT4MyHeTG4RkZGzwFw==",
      "dev": true
    },
    "cookie": {
      "version": "0.3.1",
      "resolved": "https://registry.npmjs.org/cookie/-/cookie-0.3.1.tgz",
      "integrity": "sha1-5+Ch+e9DtMi6klxcWpboBtFoc7s="
    },
    "escape-string-regexp": {
      "version": "2.0.0",
      "resolved": "https://registry.npmjs.org/escape-string-regexp/-/escape-string-regexp-2.0.0.tgz",
      "integrity": "sha512-UpzcLCXolUWcNu5HtVMHYdXJjArjsF9C0aNnquZYY4uW/Vu0miy5YoWvbV345HauVvcAUnpRuhMMcqTcGOY2+w=="
    },
    "eventemitter3": {
      "version": "3.1.2",
      "resolved": "https://registry.npmjs.org/eventemitter3/-/eventemitter3-3.1.2.tgz",
      "integrity": "sha512-tvtQIeLVHjDkJYnzf2dgVMxfuSGJeM/7UCG17TT4EumTfNtF+0nebF/4zWOIkCreAbtNqhGEboB6BWrwqNaw4Q=="
    },
    "lodash.escaperegexp": {
      "version": "4.1.2",
      "resolved": "https://registry.npmjs.org/lodash.escaperegexp/-/lodash.escaperegexp-4.1.2.tgz",
      "integrity": "sha1-ZHYsSGGAglGKw99Mz11YhtriA0c="
    },
    "lodash.isobject": {
      "version": "3.0.2",
      "resolved": "https://registry.npmjs.org/lodash.isobject/-/lodash.isobject-3.0.2.tgz",
      "integrity": "sha1-PI+41bW/S/kK4G4U8qUwpO2TXh0="
    },
    "lodash.isplainobject": {
      "version": "4.0.6",
      "resolved": "https://registry.npmjs.org/lodash.isplainobject/-/lodash.isplainobject-4.0.6.tgz",
      "integrity": "sha1-fFJqUtibRcRcxpC4gWO+BJf1UMs="
    },
    "lodash.isstring": {
      "version": "4.0.1",
      "resolved": "https://registry.npmjs.org/lodash.isstring/-/lodash.isstring-4.0.1.tgz",
      "integrity": "sha1-1SfftUVuynzJu5XV2ur4i6VKVFE="
    },
    "statuses": {
      "version": "1.5.0",
      "resolved": "https://registry.npmjs.org/statuses/-/statuses-1.5.0.tgz",
      "integrity": "sha1-Fhx9rBd2Wf2YEfQ3cfqZOBR4Yow="
    }
  }
}
